# THIS IS AN AUTOGENERATED FILE. DO NOT EDIT THIS FILE DIRECTLY.
# yarn lockfile v1


"@esbuild/android-arm64@0.16.9":
  version "0.16.9"
  resolved "https://registry.yarnpkg.com/@esbuild/android-arm64/-/android-arm64-0.16.9.tgz#474da719599f99d820ec010c92846a4f685fa28a"
  integrity sha512-ndIAZJUeLx4O+4AJbFQCurQW4VRUXjDsUvt1L+nP8bVELOWdmdCEOtlIweCUE6P+hU0uxYbEK2AEP0n5IVQvhg==

"@esbuild/android-arm@0.16.9":
  version "0.16.9"
  resolved "https://registry.yarnpkg.com/@esbuild/android-arm/-/android-arm-0.16.9.tgz#b0747ec074bba3ca652bfa8de3f55acfbb2d259e"
  integrity sha512-kW5ccqWHVOOTGUkkJbtfoImtqu3kA1PFkivM+9QPFSHphPfPBlBalX9eDRqPK+wHCqKhU48/78T791qPgC9e9A==

"@esbuild/android-x64@0.16.9":
  version "0.16.9"
  resolved "https://registry.yarnpkg.com/@esbuild/android-x64/-/android-x64-0.16.9.tgz#1cd75e8ed7d6d7eb5f9896f623df63882bd8e887"
  integrity sha512-UbMcJB4EHrAVOnknQklREPgclNU2CPet2h+sCBCXmF2mfoYWopBn/CfTfeyOkb/JglOcdEADqAljFndMKnFtOw==

"@esbuild/darwin-arm64@0.16.9":
  version "0.16.9"
  resolved "https://registry.yarnpkg.com/@esbuild/darwin-arm64/-/darwin-arm64-0.16.9.tgz#820c88738cd97621737abcd5f05400ae5e0c66e6"
  integrity sha512-d7D7/nrt4CxPul98lx4PXhyNZwTYtbdaHhOSdXlZuu5zZIznjqtMqLac8Bv+IuT6SVHiHUwrkL6ywD7mOgLW+A==

"@esbuild/darwin-x64@0.16.9":
  version "0.16.9"
  resolved "https://registry.yarnpkg.com/@esbuild/darwin-x64/-/darwin-x64-0.16.9.tgz#5a19c00781595e0dfeef1826b3512d04c37b98ff"
  integrity sha512-LZc+Wlz06AkJYtwWsBM3x2rSqTG8lntDuftsUNQ3fCx9ZttYtvlDcVtgb+NQ6t9s6K5No5zutN3pcjZEC2a4iQ==

"@esbuild/freebsd-arm64@0.16.9":
  version "0.16.9"
  resolved "https://registry.yarnpkg.com/@esbuild/freebsd-arm64/-/freebsd-arm64-0.16.9.tgz#2b7c16f5d15c259ed279b293b97c28c4a4bb107f"
  integrity sha512-gIj0UQZlQo93CHYouHKkpzP7AuruSaMIm1etcWIxccFEVqCN1xDr6BWlN9bM+ol/f0W9w3hx3HDuEwcJVtGneQ==

"@esbuild/freebsd-x64@0.16.9":
  version "0.16.9"
  resolved "https://registry.yarnpkg.com/@esbuild/freebsd-x64/-/freebsd-x64-0.16.9.tgz#2db48ffeeab149c2b970494a60b82bf3004b8630"
  integrity sha512-GNors4vaMJ7lzGOuhzNc7jvgsQZqErGA8rsW+nck8N1nYu86CvsJW2seigVrQQWOV4QzEP8Zf3gm+QCjA2hnBQ==

"@esbuild/linux-arm64@0.16.9":
  version "0.16.9"
  resolved "https://registry.yarnpkg.com/@esbuild/linux-arm64/-/linux-arm64-0.16.9.tgz#4c63c9f8ddd690d140ac3e0f360226d3fcdd75d8"
  integrity sha512-YPxQunReYp8RQ1FvexFrOEqqf+nLbS3bKVZF5FRT2uKM7Wio7BeATqAwO02AyrdSEntt3I5fhFsujUChIa8CZg==

"@esbuild/linux-arm@0.16.9":
  version "0.16.9"
  resolved "https://registry.yarnpkg.com/@esbuild/linux-arm/-/linux-arm-0.16.9.tgz#7704de1c2a30bc68d8f615d3ecb1cf68f001256a"
  integrity sha512-cNx1EF99c2t1Ztn0lk9N+MuwBijGF8mH6nx9GFsB3e0lpUpPkCE/yt5d+7NP9EwJf5uzqdjutgVYoH1SNqzudA==

"@esbuild/linux-ia32@0.16.9":
  version "0.16.9"
  resolved "https://registry.yarnpkg.com/@esbuild/linux-ia32/-/linux-ia32-0.16.9.tgz#bf0fda9f046e6c8332d7c8350b8a94d63acb4ceb"
  integrity sha512-zb12ixDIKNwFpIqR00J88FFitVwOEwO78EiUi8wi8FXlmSc3GtUuKV/BSO+730Kglt0B47+ZrJN1BhhOxZaVrw==

"@esbuild/linux-loong64@0.16.9":
  version "0.16.9"
  resolved "https://registry.yarnpkg.com/@esbuild/linux-loong64/-/linux-loong64-0.16.9.tgz#c16378b898fa38f5f788f76fbce16a45c49c8793"
  integrity sha512-X8te4NLxtHiNT6H+4Pfm5RklzItA1Qy4nfyttihGGX+Koc53Ar20ViC+myY70QJ8PDEOehinXZj/F7QK3A+MKQ==

"@esbuild/linux-mips64el@0.16.9":
  version "0.16.9"
  resolved "https://registry.yarnpkg.com/@esbuild/linux-mips64el/-/linux-mips64el-0.16.9.tgz#492605f13f19dc06c350d94e4048c21478b9dec4"
  integrity sha512-ZqyMDLt02c5smoS3enlF54ndK5zK4IpClLTxF0hHfzHJlfm4y8IAkIF8LUW0W7zxcKy7oAwI7BRDqeVvC120SA==

"@esbuild/linux-ppc64@0.16.9":
  version "0.16.9"
  resolved "https://registry.yarnpkg.com/@esbuild/linux-ppc64/-/linux-ppc64-0.16.9.tgz#ccaf759fc4f7a5fe72bdac05b4f5bf18ef1fe01b"
  integrity sha512-k+ca5W5LDBEF3lfDwMV6YNXwm4wEpw9krMnNvvlNz3MrKSD2Eb2c861O0MaKrZkG/buTQAP4vkavbLwgIe6xjg==

"@esbuild/linux-riscv64@0.16.9":
  version "0.16.9"
  resolved "https://registry.yarnpkg.com/@esbuild/linux-riscv64/-/linux-riscv64-0.16.9.tgz#542d0e68bc99fb658fe732b0917931c09775f1a3"
  integrity sha512-GuInVdogjmg9DhgkEmNipHkC+3tzkanPJzgzTC2ihsvrruLyFoR1YrTGixblNSMPudQLpiqkcwGwwe0oqfrvfA==

"@esbuild/linux-s390x@0.16.9":
  version "0.16.9"
  resolved "https://registry.yarnpkg.com/@esbuild/linux-s390x/-/linux-s390x-0.16.9.tgz#4398f9d9d64dba4cfa6eed267476eaa9c9b7f214"
  integrity sha512-49wQ0aYkvwXonGsxc7LuuLNICMX8XtO92Iqmug5Qau0kpnV6SP34jk+jIeu4suHwAbSbRhVFtDv75yRmyfQcHw==

"@esbuild/linux-x64@0.16.9":
  version "0.16.9"
  resolved "https://registry.yarnpkg.com/@esbuild/linux-x64/-/linux-x64-0.16.9.tgz#67c6b418ef36addbca17af0d7a2274c37ddffba2"
  integrity sha512-Nx4oKEAJ6EcQlt4dK7qJyuZUoXZG7CAeY22R7rqZijFzwFfMOD+gLP56uV7RrV86jGf8PeRY8TBsRmOcZoG42w==

"@esbuild/netbsd-x64@0.16.9":
  version "0.16.9"
  resolved "https://registry.yarnpkg.com/@esbuild/netbsd-x64/-/netbsd-x64-0.16.9.tgz#22ed58e404ebeb2475b821bc4e25f1027eb0c912"
  integrity sha512-d0WnpgJ+FTiMZXEQ1NOv9+0gvEhttbgKEvVqWWAtl1u9AvlspKXbodKHzQ5MLP6YV1y52Xp+p8FMYqj8ykTahg==

"@esbuild/openbsd-x64@0.16.9":
  version "0.16.9"
  resolved "https://registry.yarnpkg.com/@esbuild/openbsd-x64/-/openbsd-x64-0.16.9.tgz#2b2597b4edd4d26946f7c56838680fbeb4d455eb"
  integrity sha512-jccK11278dvEscHFfMk5EIPjF4wv1qGD0vps7mBV1a6TspdR36O28fgPem/SA/0pcsCPHjww5ouCLwP+JNAFlw==

"@esbuild/sunos-x64@0.16.9":
  version "0.16.9"
  resolved "https://registry.yarnpkg.com/@esbuild/sunos-x64/-/sunos-x64-0.16.9.tgz#c132603a19ef79c0d7bd95afb09f41618ea8dda2"
  integrity sha512-OetwTSsv6mIDLqN7I7I2oX9MmHGwG+AP+wKIHvq+6sIHwcPPJqRx+DJB55jy9JG13CWcdcQno/7V5MTJ5a0xfQ==

"@esbuild/win32-arm64@0.16.9":
  version "0.16.9"
  resolved "https://registry.yarnpkg.com/@esbuild/win32-arm64/-/win32-arm64-0.16.9.tgz#bf74d007d7f0fe1fe32c4fff82d27b271b3e1d58"
  integrity sha512-tKSSSK6unhxbGbHg+Cc+JhRzemkcsX0tPBvG0m5qsWbkShDK9c+/LSb13L18LWVdOQZwuA55Vbakxmt6OjBDOQ==

"@esbuild/win32-ia32@0.16.9":
  version "0.16.9"
  resolved "https://registry.yarnpkg.com/@esbuild/win32-ia32/-/win32-ia32-0.16.9.tgz#e46478e77431bca1a8b80f6260fc6b0020aa8127"
  integrity sha512-ZTQ5vhNS5gli0KK8I6/s6+LwXmNEfq1ftjnSVyyNm33dBw8zDpstqhGXYUbZSWWLvkqiRRjgxgmoncmi6Yy7Ng==

"@esbuild/win32-x64@0.16.9":
  version "0.16.9"
  resolved "https://registry.yarnpkg.com/@esbuild/win32-x64/-/win32-x64-0.16.9.tgz#4595a29c2930c5157aa1be0963abbbac989647c9"
  integrity sha512-C4ZX+YFIp6+lPrru3tpH6Gaapy8IBRHw/e7l63fzGDhn/EaiGpQgbIlT5paByyy+oMvRFQoxxyvC4LE0AjJMqQ==

"@hotwired/stimulus@^3.2.1":
  version "3.2.1"
  resolved "https://registry.yarnpkg.com/@hotwired/stimulus/-/stimulus-3.2.1.tgz#e3de23623b0c52c247aba4cd5d530d257008676b"
  integrity sha512-HGlzDcf9vv/EQrMJ5ZG6VWNs8Z/xMN+1o2OhV1gKiSG6CqZt5MCBB1gRg5ILiN3U0jEAxuDTNPRfBcnZBDmupQ==

"@hotwired/turbo-rails@^7.2.4":
  version "7.2.4"
  resolved "https://registry.yarnpkg.com/@hotwired/turbo-rails/-/turbo-rails-7.2.4.tgz#d155533e79c4ebdac23e8fe12697d821d5c06307"
  integrity sha512-givDUQqaccd19BvErz1Cf2j6MXF74m0G6I75oqFJGeXAa7vwkz9nDplefVNrALCR9Xi9j9gy32xmSI6wD0tZyA==
  dependencies:
    "@hotwired/turbo" "^7.2.4"
    "@rails/actioncable" "^7.0"

"@hotwired/turbo@^7.2.4":
  version "7.2.4"
  resolved "https://registry.yarnpkg.com/@hotwired/turbo/-/turbo-7.2.4.tgz#0d35541be32cfae3b4f78c6ab9138f5b21f28a21"
  integrity sha512-c3xlOroHp/cCZHDOuLp6uzQYEbvXBUVaal0puXoGJ9M8L/KHwZ3hQozD4dVeSN9msHWLxxtmPT1TlCN7gFhj4w==

"@prettier/plugin-ruby@^3.2.2":
  version "3.2.2"
  resolved "https://registry.yarnpkg.com/@prettier/plugin-ruby/-/plugin-ruby-3.2.2.tgz#43c9d85349032f74d34c4f57e6a77487d5c5bdc1"
  integrity sha512-Vc7jVE39Fgswl517ET4kPtpnoRWE6XTi1Sivd84rZyomYnHYUmvUsEeoOf6tVhzTuIXE5XVQB1YCG2hulrwR3Q==
  dependencies:
    prettier ">=2.3.0"

"@rails/actioncable@^7.0":
  version "7.0.4"
  resolved "https://registry.yarnpkg.com/@rails/actioncable/-/actioncable-7.0.4.tgz#70a3ca56809f7aaabb80af2f9c01ae51e1a8ed41"
  integrity sha512-tz4oM+Zn9CYsvtyicsa/AwzKZKL+ITHWkhiu7x+xF77clh2b4Rm+s6xnOgY/sGDWoFWZmtKsE95hxBPkgQQNnQ==

anymatch@~3.1.2:
  version "3.1.2"
  resolved "https://registry.yarnpkg.com/anymatch/-/anymatch-3.1.2.tgz#c0557c096af32f106198f4f4e2a383537e378716"
  integrity sha512-P43ePfOAIupkguHUycrc4qJ9kz8ZiuOUijaETwX7THt0Y/GNK7v0aa8rY816xWjZ7rJdA5XdMcpVFTKMq+RvWg==
  dependencies:
    normalize-path "^3.0.0"
    picomatch "^2.0.4"

binary-extensions@^2.0.0:
  version "2.2.0"
  resolved "https://registry.yarnpkg.com/binary-extensions/-/binary-extensions-2.2.0.tgz#75f502eeaf9ffde42fc98829645be4ea76bd9e2d"
  integrity sha512-jDctJ/IVQbZoJykoeHbhXpOlNBqGNcwXJKJog42E5HDPUwQTSdjCHdihjj0DlnheQ7blbT6dHOafNAiS8ooQKA==

braces@~3.0.2:
  version "3.0.2"
  resolved "https://registry.yarnpkg.com/braces/-/braces-3.0.2.tgz#3454e1a462ee8d599e236df336cd9ea4f8afe107"
  integrity sha512-b8um+L1RzM3WDSzvhm6gIz1yfTbBt6YTlcEKAvsmqCZZFw46z626lVj9j1yEPW33H5H+lBQpZMP1k8l+78Ha0A==
  dependencies:
    fill-range "^7.0.1"

"chokidar@>=3.0.0 <4.0.0":
  version "3.5.3"
  resolved "https://registry.yarnpkg.com/chokidar/-/chokidar-3.5.3.tgz#1cf37c8707b932bd1af1ae22c0432e2acd1903bd"
  integrity sha512-Dr3sfKRP6oTcjf2JmUmFJfeVMvXBdegxB0iVQ5eb2V10uFJUCAS8OByZdVAyVb8xXNz3GjjTgj9kLWsZTqE6kw==
  dependencies:
    anymatch "~3.1.2"
    braces "~3.0.2"
    glob-parent "~5.1.2"
    is-binary-path "~2.1.0"
    is-glob "~4.0.1"
    normalize-path "~3.0.0"
    readdirp "~3.6.0"
  optionalDependencies:
    fsevents "~2.3.2"

esbuild@^0.16.9:
  version "0.16.9"
  resolved "https://registry.yarnpkg.com/esbuild/-/esbuild-0.16.9.tgz#01b6c3a6cbc072108253ac160a0734229bf8c921"
  integrity sha512-gkH83yHyijMSZcZFs1IWew342eMdFuWXmQo3zkDPTre25LIPBJsXryg02M3u8OpTwCJdBkdaQwqKkDLnAsAeLQ==
  optionalDependencies:
    "@esbuild/android-arm" "0.16.9"
    "@esbuild/android-arm64" "0.16.9"
    "@esbuild/android-x64" "0.16.9"
    "@esbuild/darwin-arm64" "0.16.9"
    "@esbuild/darwin-x64" "0.16.9"
    "@esbuild/freebsd-arm64" "0.16.9"
    "@esbuild/freebsd-x64" "0.16.9"
    "@esbuild/linux-arm" "0.16.9"
    "@esbuild/linux-arm64" "0.16.9"
    "@esbuild/linux-ia32" "0.16.9"
    "@esbuild/linux-loong64" "0.16.9"
    "@esbuild/linux-mips64el" "0.16.9"
    "@esbuild/linux-ppc64" "0.16.9"
    "@esbuild/linux-riscv64" "0.16.9"
    "@esbuild/linux-s390x" "0.16.9"
    "@esbuild/linux-x64" "0.16.9"
    "@esbuild/netbsd-x64" "0.16.9"
    "@esbuild/openbsd-x64" "0.16.9"
    "@esbuild/sunos-x64" "0.16.9"
    "@esbuild/win32-arm64" "0.16.9"
    "@esbuild/win32-ia32" "0.16.9"
    "@esbuild/win32-x64" "0.16.9"

fill-range@^7.0.1:
  version "7.0.1"
  resolved "https://registry.yarnpkg.com/fill-range/-/fill-range-7.0.1.tgz#1919a6a7c75fe38b2c7c77e5198535da9acdda40"
  integrity sha512-qOo9F+dMUmC2Lcb4BbVvnKJxTPjCm+RRpe4gDuGrzkL7mEVl/djYSu2OdQ2Pa302N4oqkSg9ir6jaLWJ2USVpQ==
  dependencies:
    to-regex-range "^5.0.1"

fsevents@~2.3.2:
  version "2.3.2"
  resolved "https://registry.yarnpkg.com/fsevents/-/fsevents-2.3.2.tgz#8a526f78b8fdf4623b709e0b975c52c24c02fd1a"
  integrity sha512-xiqMQR4xAeHTuB9uWm+fFRcIOgKBMiOBP+eXiyT7jsgVCq1bkVygt00oASowB7EdtpOHaaPgKt812P9ab+DDKA==

glob-parent@~5.1.2:
  version "5.1.2"
  resolved "https://registry.yarnpkg.com/glob-parent/-/glob-parent-5.1.2.tgz#869832c58034fe68a4093c17dc15e8340d8401c4"
  integrity sha512-AOIgSQCepiJYwP3ARnGx+5VnTu2HBYdzbGP45eLw1vr3zB3vZLeyed1sC9hnbcOc9/SrMyM5RPQrkGz4aS9Zow==
  dependencies:
    is-glob "^4.0.1"

govuk-frontend@^4.4.1:
  version "4.4.1"
  resolved "https://registry.yarnpkg.com/govuk-frontend/-/govuk-frontend-4.4.1.tgz#88857c4ad8508255a4e983030a3964d6e1674107"
  integrity sha512-Jm1LUWiH9vy47b6HSH/ksSb4ueBrtTTgyLBk+3X2qqAmmFUc1AXWLSYHid07YYu1tvn9RnodWk5Bac5Ywqk6tA==

immutable@^4.0.0:
  version "4.1.0"
  resolved "https://registry.yarnpkg.com/immutable/-/immutable-4.1.0.tgz#f795787f0db780183307b9eb2091fcac1f6fafef"
  integrity sha512-oNkuqVTA8jqG1Q6c+UglTOD1xhC1BtjKI7XkCXRkZHrN5m18/XsnUp8Q89GkQO/z+0WjonSvl0FLhDYftp46nQ==

is-binary-path@~2.1.0:
  version "2.1.0"
  resolved "https://registry.yarnpkg.com/is-binary-path/-/is-binary-path-2.1.0.tgz#ea1f7f3b80f064236e83470f86c09c254fb45b09"
  integrity sha512-ZMERYes6pDydyuGidse7OsHxtbI7WVeUEozgR/g7rd0xUimYNlvZRE/K2MgZTjWy725IfelLeVcEM97mmtRGXw==
  dependencies:
    binary-extensions "^2.0.0"

is-extglob@^2.1.1:
  version "2.1.1"
  resolved "https://registry.yarnpkg.com/is-extglob/-/is-extglob-2.1.1.tgz#a88c02535791f02ed37c76a1b9ea9773c833f8c2"
  integrity sha512-SbKbANkN603Vi4jEZv49LeVJMn4yGwsbzZworEoyEiutsN3nJYdbO36zfhGJ6QEDpOZIFkDtnq5JRxmvl3jsoQ==

is-glob@^4.0.1, is-glob@~4.0.1:
  version "4.0.3"
  resolved "https://registry.yarnpkg.com/is-glob/-/is-glob-4.0.3.tgz#64f61e42cbbb2eec2071a9dac0b28ba1e65d5084"
  integrity sha512-xelSayHH36ZgE7ZWhli7pW34hNbNl8Ojv5KVmkJD4hBdD3th8Tfk9vYasLM+mXWOZhFkgZfxhLSnrwRr4elSSg==
  dependencies:
    is-extglob "^2.1.1"

is-number@^7.0.0:
  version "7.0.0"
  resolved "https://registry.yarnpkg.com/is-number/-/is-number-7.0.0.tgz#7535345b896734d5f80c4d06c50955527a14f12b"
  integrity sha512-41Cifkg6e8TylSpdtTpeLVMqvSBEVzTttHvERD741+pnZ8ANv0004MRL43QKPDlK9cGvNp6NZWZUBlbGXYxxng==

normalize-path@^3.0.0, normalize-path@~3.0.0:
  version "3.0.0"
  resolved "https://registry.yarnpkg.com/normalize-path/-/normalize-path-3.0.0.tgz#0dcd69ff23a1c9b11fd0978316644a0388216a65"
  integrity sha512-6eZs5Ls3WtCisHWp9S2GUy8dqkpGi4BVSz3GaqiE6ezub0512ESztXUwUB6C6IKbQkY2Pnb/mD4WYojCRwcwLA==

picomatch@^2.0.4, picomatch@^2.2.1:
  version "2.3.1"
  resolved "https://registry.yarnpkg.com/picomatch/-/picomatch-2.3.1.tgz#3ba3833733646d9d3e4995946c1365a67fb07a42"
  integrity sha512-JU3teHTNjmE2VCGFzuY8EXzCDVwEqB2a8fsIvwaStHhAWJEeVd1o1QD80CU6+ZdEXXSLbSsuLwJjkCBWqRQUVA==

prettier@>=2.3.0, prettier@^2.8.1:
  version "2.8.1"
  resolved "https://registry.yarnpkg.com/prettier/-/prettier-2.8.1.tgz#4e1fd11c34e2421bc1da9aea9bd8127cd0a35efc"
  integrity sha512-lqGoSJBQNJidqCHE80vqZJHWHRFoNYsSpP9AjFhlhi9ODCJA541svILes/+/1GM3VaL/abZi7cpFzOpdR9UPKg==

readdirp@~3.6.0:
  version "3.6.0"
  resolved "https://registry.yarnpkg.com/readdirp/-/readdirp-3.6.0.tgz#74a370bd857116e245b29cc97340cd431a02a6c7"
  integrity sha512-hOS089on8RduqdbhvQ5Z37A0ESjsqz6qnRcffsMU3495FuTdqSm+7bhJ29JvIOsBDEEnan5DPu9t3To9VRlMzA==
  dependencies:
    picomatch "^2.2.1"

sass@^1.57.0:
  version "1.57.0"
  resolved "https://registry.yarnpkg.com/sass/-/sass-1.57.0.tgz#64c4144ed4e1c0ccb96dc18aef2c424cdbc0c12b"
  integrity sha512-IZNEJDTK1cF5B1cGA593TPAV/1S0ysUDxq9XHjX/+SMy0QfUny+nfUsq5ZP7wWSl4eEf7wDJcEZ8ABYFmh3m/w==
  dependencies:
    chokidar ">=3.0.0 <4.0.0"
    immutable "^4.0.0"
    source-map-js ">=0.6.2 <2.0.0"

"source-map-js@>=0.6.2 <2.0.0":
  version "1.0.2"
  resolved "https://registry.yarnpkg.com/source-map-js/-/source-map-js-1.0.2.tgz#adbc361d9c62df380125e7f161f71c826f1e490c"
  integrity sha512-R0XvVJ9WusLiqTCEiGCmICCMplcCkIwwR11mOSD9CR5u+IXYdiseeEuXCVAjS54zqwkLcPNnmU4OeJ6tUrWhDw==

to-regex-range@^5.0.1:
  version "5.0.1"
  resolved "https://registry.yarnpkg.com/to-regex-range/-/to-regex-range-5.0.1.tgz#1648c44aae7c8d988a326018ed72f5b4dd0392e4"
  integrity sha512-65P7iz6X5yEr1cwcgvQxbbIw7Uk3gOy5dIdtZ4rDveLqhrdJP+Li/Hx6tyK0NEb+2GCyneCMJiGqrADCSNk8sQ==
  dependencies:
    is-number "^7.0.0"
