# THIS IS AN AUTOGENERATED FILE. DO NOT EDIT THIS FILE DIRECTLY.
# yarn lockfile v1


"@esbuild/android-arm64@0.18.4":
  version "0.18.4"
  resolved "https://registry.yarnpkg.com/@esbuild/android-arm64/-/android-arm64-0.18.4.tgz#9c4f95559cff6fac4b0957fb45e32b442706ba42"
  integrity sha512-yQVgO+V307hA2XhzELQ6F91CBGX7gSnlVGAj5YIqjQOxThDpM7fOcHT2YLJbE6gNdPtgRSafQrsK8rJ9xHCaZg==

"@esbuild/android-arm@0.18.4":
  version "0.18.4"
  resolved "https://registry.yarnpkg.com/@esbuild/android-arm/-/android-arm-0.18.4.tgz#b8173173fa779b807e41146328f36324bf4513c1"
  integrity sha512-yKmQC9IiuvHdsNEbPHSprnMHg6OhL1cSeQZLzPpgzJBJ9ppEg9GAZN8MKj1TcmB4tZZUrq5xjK7KCmhwZP8iDA==

"@esbuild/android-x64@0.18.4":
  version "0.18.4"
  resolved "https://registry.yarnpkg.com/@esbuild/android-x64/-/android-x64-0.18.4.tgz#2f79c625c4524a4310b1c96038dba7e3245789d6"
  integrity sha512-yLKXMxQg6sk1ntftxQ5uwyVgG4/S2E7UoOCc5N4YZW7fdkfRiYEXqm7CMuIfY2Vs3FTrNyKmSfNevIuIvJnMww==

"@esbuild/darwin-arm64@0.18.4":
  version "0.18.4"
  resolved "https://registry.yarnpkg.com/@esbuild/darwin-arm64/-/darwin-arm64-0.18.4.tgz#2f1a73decc212987ad9d97b6c2638be66bd586ad"
  integrity sha512-MVPEoZjZpk2xQ1zckZrb8eQuQib+QCzdmMs3YZAYEQPg+Rztk5pUxGyk8htZOC8Z38NMM29W+MqY9Sqo/sDGKw==

"@esbuild/darwin-x64@0.18.4":
  version "0.18.4"
  resolved "https://registry.yarnpkg.com/@esbuild/darwin-x64/-/darwin-x64-0.18.4.tgz#a0a3b2270ba201331e8056d7c896598d8a96a12f"
  integrity sha512-uEsRtYRUDsz7i2tXg/t/SyF+5gU1cvi9B6B8i5ebJgtUUHJYWyIPIesmIOL4/+bywjxsDMA/XrNFMgMffLnh5A==

"@esbuild/freebsd-arm64@0.18.4":
  version "0.18.4"
  resolved "https://registry.yarnpkg.com/@esbuild/freebsd-arm64/-/freebsd-arm64-0.18.4.tgz#7966b77bfad31af17e82e21ecaf06e1392dcd3f3"
  integrity sha512-I8EOigqWnOHRin6Zp5Y1cfH3oT54bd7Sdz/VnpUNksbOtfp8IWRTH4pgkgO5jWaRQPjCpJcOpdRjYAMjPt8wXg==

"@esbuild/freebsd-x64@0.18.4":
  version "0.18.4"
  resolved "https://registry.yarnpkg.com/@esbuild/freebsd-x64/-/freebsd-x64-0.18.4.tgz#7c942bc3ca10ed140764a58dcc04e60e5bdca11a"
  integrity sha512-1bHfgMz/cNMjbpsYxjVgMJ1iwKq+NdDPlACBrWULD7ZdFmBQrhMicMaKb5CdmdVyvIwXmasOuF4r6Iq574kUTA==

"@esbuild/linux-arm64@0.18.4":
  version "0.18.4"
  resolved "https://registry.yarnpkg.com/@esbuild/linux-arm64/-/linux-arm64-0.18.4.tgz#5d9802d13fc33cc43efc647a56583525e6d40464"
  integrity sha512-J42vLHaYREyiBwH0eQE4/7H1DTfZx8FuxyWSictx4d7ezzuKE3XOkIvOg+SQzRz7T9HLVKzq2tvbAov4UfufBw==

"@esbuild/linux-arm@0.18.4":
  version "0.18.4"
  resolved "https://registry.yarnpkg.com/@esbuild/linux-arm/-/linux-arm-0.18.4.tgz#7eb1af7227506dd7cb01ef4a400c53f52ea1c4f9"
  integrity sha512-4XCGqM/Ay1LCXUBH59bL4JbSbbTK1K22dWHymWMGaEh2sQCDOUw+OQxozYV/YdBb91leK2NbuSrE2BRamwgaYw==

"@esbuild/linux-ia32@0.18.4":
  version "0.18.4"
  resolved "https://registry.yarnpkg.com/@esbuild/linux-ia32/-/linux-ia32-0.18.4.tgz#9d22fa5bb59d7dfbff7d981d933b434585d96dae"
  integrity sha512-4ksIqFwhq7OExty7Sl1n0vqQSCqTG4sU6i99G2yuMr28CEOUZ/60N+IO9hwI8sIxBqmKmDgncE1n5CMu/3m0IA==

"@esbuild/linux-loong64@0.18.4":
  version "0.18.4"
  resolved "https://registry.yarnpkg.com/@esbuild/linux-loong64/-/linux-loong64-0.18.4.tgz#659f91aae2abdc93ace39bc4f8e965f2a7dbf6aa"
  integrity sha512-bsWtoVHkGQgAsFXioDueXRiUIfSGrVkJjBBz4gcBJxXcD461cWFQFyu8Fxdj9TP+zEeqJ8C/O4LFFMBNi6Fscw==

"@esbuild/linux-mips64el@0.18.4":
  version "0.18.4"
  resolved "https://registry.yarnpkg.com/@esbuild/linux-mips64el/-/linux-mips64el-0.18.4.tgz#f57cef70de4147df9efb761ff0056509d8d1ba87"
  integrity sha512-LRD9Fu8wJQgIOOV1o3nRyzrheFYjxA0C1IVWZ93eNRRWBKgarYFejd5WBtrp43cE4y4D4t3qWWyklm73Mrsd/g==

"@esbuild/linux-ppc64@0.18.4":
  version "0.18.4"
  resolved "https://registry.yarnpkg.com/@esbuild/linux-ppc64/-/linux-ppc64-0.18.4.tgz#7654e479378e4e9ec6ac96cabb471a6c1c819b42"
  integrity sha512-jtQgoZjM92gauVRxNaaG/TpL3Pr4WcL3Pwqi9QgdrBGrEXzB+twohQiWNSTycs6lUygakos4mm2h0B9/SHveng==

"@esbuild/linux-riscv64@0.18.4":
  version "0.18.4"
  resolved "https://registry.yarnpkg.com/@esbuild/linux-riscv64/-/linux-riscv64-0.18.4.tgz#eb762cae575bb070627415921ca43e5f7e3ee3a1"
  integrity sha512-7WaU/kRZG0VCV09Xdlkg6LNAsfU9SAxo6XEdaZ8ffO4lh+DZoAhGTx7+vTMOXKxa+r2w1LYDGxfJa2rcgagMRA==

"@esbuild/linux-s390x@0.18.4":
  version "0.18.4"
  resolved "https://registry.yarnpkg.com/@esbuild/linux-s390x/-/linux-s390x-0.18.4.tgz#d7d47a6cde5536e97b698d5e913f3e04662ff3da"
  integrity sha512-D19ed0xreKQvC5t+ArE2njSnm18WPpE+1fhwaiJHf+Xwqsq+/SUaV8Mx0M27nszdU+Atq1HahrgCOZCNNEASUg==

"@esbuild/linux-x64@0.18.4":
  version "0.18.4"
  resolved "https://registry.yarnpkg.com/@esbuild/linux-x64/-/linux-x64-0.18.4.tgz#bcdc75f060fd1dd02f6fbd8183caa8362d6b3ab4"
  integrity sha512-Rx3AY1sxyiO/gvCGP00nL69L60dfmWyjKWY06ugpB8Ydpdsfi3BHW58HWC24K3CAjAPSwxcajozC2PzA9JBS1g==

"@esbuild/netbsd-x64@0.18.4":
  version "0.18.4"
  resolved "https://registry.yarnpkg.com/@esbuild/netbsd-x64/-/netbsd-x64-0.18.4.tgz#fc511ecd4b46b1b38410f635dd3e0db500a8b325"
  integrity sha512-AaShPmN9c6w1mKRpliKFlaWcSkpBT4KOlk93UfFgeI3F3cbjzdDKGsbKnOZozmYbE1izZKLmNJiW0sFM+A5JPA==

"@esbuild/openbsd-x64@0.18.4":
  version "0.18.4"
  resolved "https://registry.yarnpkg.com/@esbuild/openbsd-x64/-/openbsd-x64-0.18.4.tgz#b6db15ec5dfa6ac4b0088cd38ec5ceb8a57f48d4"
  integrity sha512-tRGvGwou3BrvHVvF8HxTqEiC5VtPzySudS9fh2jBIKpLX7HCW8jIkW+LunkFDNwhslx4xMAgh0jAHsx/iCymaQ==

"@esbuild/sunos-x64@0.18.4":
  version "0.18.4"
  resolved "https://registry.yarnpkg.com/@esbuild/sunos-x64/-/sunos-x64-0.18.4.tgz#f0aa5f8c3929a49e721faca4e7491865324a6bb5"
  integrity sha512-acORFDI95GKhmAnlH8EarBeuqoy/j3yxIU+FDB91H3+ZON+8HhTadtT450YkaMzX6lEWbhi+mjVUCj00M5yyOQ==

"@esbuild/win32-arm64@0.18.4":
  version "0.18.4"
  resolved "https://registry.yarnpkg.com/@esbuild/win32-arm64/-/win32-arm64-0.18.4.tgz#6e0518345d702012e68d9cdbbcf897367764eb9e"
  integrity sha512-1NxP+iOk8KSvS1L9SSxEvBAJk39U0GiGZkiiJGbuDF9G4fG7DSDw6XLxZMecAgmvQrwwx7yVKdNN3GgNh0UfKg==

"@esbuild/win32-ia32@0.18.4":
  version "0.18.4"
  resolved "https://registry.yarnpkg.com/@esbuild/win32-ia32/-/win32-ia32-0.18.4.tgz#ddbc327a08b75280cbceb80ff6f29ab4035c9bad"
  integrity sha512-OKr8jze93vbgqZ/r23woWciTixUwLa976C9W7yNBujtnVHyvsL/ocYG61tsktUfJOpyIz5TsohkBZ6Lo2+PCcQ==

"@esbuild/win32-x64@0.18.4":
  version "0.18.4"
  resolved "https://registry.yarnpkg.com/@esbuild/win32-x64/-/win32-x64-0.18.4.tgz#2562ce6dfd48c15a80b8daa2e38cce5b50573624"
  integrity sha512-qJr3wVvcLjPFcV4AMDS3iquhBfTef2zo/jlm8RMxmiRp3Vy2HY8WMxrykJlcbCnqLXZPA0YZxZGND6eug85ogg==

"@hotwired/stimulus@^3.2.1":
  version "3.2.1"
  resolved "https://registry.yarnpkg.com/@hotwired/stimulus/-/stimulus-3.2.1.tgz#e3de23623b0c52c247aba4cd5d530d257008676b"
  integrity sha512-HGlzDcf9vv/EQrMJ5ZG6VWNs8Z/xMN+1o2OhV1gKiSG6CqZt5MCBB1gRg5ILiN3U0jEAxuDTNPRfBcnZBDmupQ==

"@hotwired/turbo-rails@^7.3.0":
  version "7.3.0"
  resolved "https://registry.yarnpkg.com/@hotwired/turbo-rails/-/turbo-rails-7.3.0.tgz#422c21752509f3edcd6c7b2725bbe9e157815f51"
  integrity sha512-fvhO64vp/a2UVQ3jue9WTc2JisMv9XilIC7ViZmXAREVwiQ2S4UC7Go8f9A1j4Xu7DBI6SbFdqILk5ImqVoqyA==
  dependencies:
    "@hotwired/turbo" "^7.3.0"
    "@rails/actioncable" "^7.0"

"@hotwired/turbo@^7.3.0":
  version "7.3.0"
  resolved "https://registry.yarnpkg.com/@hotwired/turbo/-/turbo-7.3.0.tgz#2226000fff1aabda9fd9587474565c9929dbf15d"
  integrity sha512-Dcu+NaSvHLT7EjrDrkEmH4qET2ZJZ5IcCWmNXxNQTBwlnE5tBZfN6WxZ842n5cHV52DH/AKNirbPBtcEXDLW4g==

"@prettier/plugin-ruby@^3.2.2":
  version "3.2.2"
  resolved "https://registry.yarnpkg.com/@prettier/plugin-ruby/-/plugin-ruby-3.2.2.tgz#43c9d85349032f74d34c4f57e6a77487d5c5bdc1"
  integrity sha512-Vc7jVE39Fgswl517ET4kPtpnoRWE6XTi1Sivd84rZyomYnHYUmvUsEeoOf6tVhzTuIXE5XVQB1YCG2hulrwR3Q==
  dependencies:
    prettier ">=2.3.0"

"@rails/actioncable@^7.0":
  version "7.0.4"
  resolved "https://registry.yarnpkg.com/@rails/actioncable/-/actioncable-7.0.4.tgz#70a3ca56809f7aaabb80af2f9c01ae51e1a8ed41"
  integrity sha512-tz4oM+Zn9CYsvtyicsa/AwzKZKL+ITHWkhiu7x+xF77clh2b4Rm+s6xnOgY/sGDWoFWZmtKsE95hxBPkgQQNnQ==

anymatch@~3.1.2:
  version "3.1.2"
  resolved "https://registry.yarnpkg.com/anymatch/-/anymatch-3.1.2.tgz#c0557c096af32f106198f4f4e2a383537e378716"
  integrity sha512-P43ePfOAIupkguHUycrc4qJ9kz8ZiuOUijaETwX7THt0Y/GNK7v0aa8rY816xWjZ7rJdA5XdMcpVFTKMq+RvWg==
  dependencies:
    normalize-path "^3.0.0"
    picomatch "^2.0.4"

binary-extensions@^2.0.0:
  version "2.2.0"
  resolved "https://registry.yarnpkg.com/binary-extensions/-/binary-extensions-2.2.0.tgz#75f502eeaf9ffde42fc98829645be4ea76bd9e2d"
  integrity sha512-jDctJ/IVQbZoJykoeHbhXpOlNBqGNcwXJKJog42E5HDPUwQTSdjCHdihjj0DlnheQ7blbT6dHOafNAiS8ooQKA==

braces@~3.0.2:
  version "3.0.2"
  resolved "https://registry.yarnpkg.com/braces/-/braces-3.0.2.tgz#3454e1a462ee8d599e236df336cd9ea4f8afe107"
  integrity sha512-b8um+L1RzM3WDSzvhm6gIz1yfTbBt6YTlcEKAvsmqCZZFw46z626lVj9j1yEPW33H5H+lBQpZMP1k8l+78Ha0A==
  dependencies:
    fill-range "^7.0.1"

"chokidar@>=3.0.0 <4.0.0":
  version "3.5.3"
  resolved "https://registry.yarnpkg.com/chokidar/-/chokidar-3.5.3.tgz#1cf37c8707b932bd1af1ae22c0432e2acd1903bd"
  integrity sha512-Dr3sfKRP6oTcjf2JmUmFJfeVMvXBdegxB0iVQ5eb2V10uFJUCAS8OByZdVAyVb8xXNz3GjjTgj9kLWsZTqE6kw==
  dependencies:
    anymatch "~3.1.2"
    braces "~3.0.2"
    glob-parent "~5.1.2"
    is-binary-path "~2.1.0"
    is-glob "~4.0.1"
    normalize-path "~3.0.0"
    readdirp "~3.6.0"
  optionalDependencies:
    fsevents "~2.3.2"

esbuild@^0.18.4:
  version "0.18.4"
  resolved "https://registry.yarnpkg.com/esbuild/-/esbuild-0.18.4.tgz#8c047747baa0d8837a8aa8c84eed2ee8b06f43e4"
  integrity sha512-9rxWV/Cb2DMUXfe9aUsYtqg0KTlw146ElFH22kYeK9KVV1qT082X4lpmiKsa12ePiCcIcB686TQJxaGAa9TFvA==
  optionalDependencies:
    "@esbuild/android-arm" "0.18.4"
    "@esbuild/android-arm64" "0.18.4"
    "@esbuild/android-x64" "0.18.4"
    "@esbuild/darwin-arm64" "0.18.4"
    "@esbuild/darwin-x64" "0.18.4"
    "@esbuild/freebsd-arm64" "0.18.4"
    "@esbuild/freebsd-x64" "0.18.4"
    "@esbuild/linux-arm" "0.18.4"
    "@esbuild/linux-arm64" "0.18.4"
    "@esbuild/linux-ia32" "0.18.4"
    "@esbuild/linux-loong64" "0.18.4"
    "@esbuild/linux-mips64el" "0.18.4"
    "@esbuild/linux-ppc64" "0.18.4"
    "@esbuild/linux-riscv64" "0.18.4"
    "@esbuild/linux-s390x" "0.18.4"
    "@esbuild/linux-x64" "0.18.4"
    "@esbuild/netbsd-x64" "0.18.4"
    "@esbuild/openbsd-x64" "0.18.4"
    "@esbuild/sunos-x64" "0.18.4"
    "@esbuild/win32-arm64" "0.18.4"
    "@esbuild/win32-ia32" "0.18.4"
    "@esbuild/win32-x64" "0.18.4"

fill-range@^7.0.1:
  version "7.0.1"
  resolved "https://registry.yarnpkg.com/fill-range/-/fill-range-7.0.1.tgz#1919a6a7c75fe38b2c7c77e5198535da9acdda40"
  integrity sha512-qOo9F+dMUmC2Lcb4BbVvnKJxTPjCm+RRpe4gDuGrzkL7mEVl/djYSu2OdQ2Pa302N4oqkSg9ir6jaLWJ2USVpQ==
  dependencies:
    to-regex-range "^5.0.1"

fsevents@~2.3.2:
  version "2.3.2"
  resolved "https://registry.yarnpkg.com/fsevents/-/fsevents-2.3.2.tgz#8a526f78b8fdf4623b709e0b975c52c24c02fd1a"
  integrity sha512-xiqMQR4xAeHTuB9uWm+fFRcIOgKBMiOBP+eXiyT7jsgVCq1bkVygt00oASowB7EdtpOHaaPgKt812P9ab+DDKA==

glob-parent@~5.1.2:
  version "5.1.2"
  resolved "https://registry.yarnpkg.com/glob-parent/-/glob-parent-5.1.2.tgz#869832c58034fe68a4093c17dc15e8340d8401c4"
  integrity sha512-AOIgSQCepiJYwP3ARnGx+5VnTu2HBYdzbGP45eLw1vr3zB3vZLeyed1sC9hnbcOc9/SrMyM5RPQrkGz4aS9Zow==
  dependencies:
    is-glob "^4.0.1"

govuk-frontend@^4.6.0:
  version "4.6.0"
  resolved "https://registry.yarnpkg.com/govuk-frontend/-/govuk-frontend-4.6.0.tgz#662b41f7c468bb5468441218c720f0b31c948cbd"
  integrity sha512-pLJVHVvfsTmNDBH/YBCMyuqSMCQmOrNQXoThdcAzhXJVbuaWnGc1URvjOR7EJeZyOm101fHDjzTkTvpEy6zfiw==

immutable@^4.0.0:
  version "4.1.0"
  resolved "https://registry.yarnpkg.com/immutable/-/immutable-4.1.0.tgz#f795787f0db780183307b9eb2091fcac1f6fafef"
  integrity sha512-oNkuqVTA8jqG1Q6c+UglTOD1xhC1BtjKI7XkCXRkZHrN5m18/XsnUp8Q89GkQO/z+0WjonSvl0FLhDYftp46nQ==

is-binary-path@~2.1.0:
  version "2.1.0"
  resolved "https://registry.yarnpkg.com/is-binary-path/-/is-binary-path-2.1.0.tgz#ea1f7f3b80f064236e83470f86c09c254fb45b09"
  integrity sha512-ZMERYes6pDydyuGidse7OsHxtbI7WVeUEozgR/g7rd0xUimYNlvZRE/K2MgZTjWy725IfelLeVcEM97mmtRGXw==
  dependencies:
    binary-extensions "^2.0.0"

is-extglob@^2.1.1:
  version "2.1.1"
  resolved "https://registry.yarnpkg.com/is-extglob/-/is-extglob-2.1.1.tgz#a88c02535791f02ed37c76a1b9ea9773c833f8c2"
  integrity sha512-SbKbANkN603Vi4jEZv49LeVJMn4yGwsbzZworEoyEiutsN3nJYdbO36zfhGJ6QEDpOZIFkDtnq5JRxmvl3jsoQ==

is-glob@^4.0.1, is-glob@~4.0.1:
  version "4.0.3"
  resolved "https://registry.yarnpkg.com/is-glob/-/is-glob-4.0.3.tgz#64f61e42cbbb2eec2071a9dac0b28ba1e65d5084"
  integrity sha512-xelSayHH36ZgE7ZWhli7pW34hNbNl8Ojv5KVmkJD4hBdD3th8Tfk9vYasLM+mXWOZhFkgZfxhLSnrwRr4elSSg==
  dependencies:
    is-extglob "^2.1.1"

is-number@^7.0.0:
  version "7.0.0"
  resolved "https://registry.yarnpkg.com/is-number/-/is-number-7.0.0.tgz#7535345b896734d5f80c4d06c50955527a14f12b"
  integrity sha512-41Cifkg6e8TylSpdtTpeLVMqvSBEVzTttHvERD741+pnZ8ANv0004MRL43QKPDlK9cGvNp6NZWZUBlbGXYxxng==

normalize-path@^3.0.0, normalize-path@~3.0.0:
  version "3.0.0"
  resolved "https://registry.yarnpkg.com/normalize-path/-/normalize-path-3.0.0.tgz#0dcd69ff23a1c9b11fd0978316644a0388216a65"
  integrity sha512-6eZs5Ls3WtCisHWp9S2GUy8dqkpGi4BVSz3GaqiE6ezub0512ESztXUwUB6C6IKbQkY2Pnb/mD4WYojCRwcwLA==

picomatch@^2.0.4, picomatch@^2.2.1:
  version "2.3.1"
  resolved "https://registry.yarnpkg.com/picomatch/-/picomatch-2.3.1.tgz#3ba3833733646d9d3e4995946c1365a67fb07a42"
  integrity sha512-JU3teHTNjmE2VCGFzuY8EXzCDVwEqB2a8fsIvwaStHhAWJEeVd1o1QD80CU6+ZdEXXSLbSsuLwJjkCBWqRQUVA==

prettier@>=2.3.0, prettier@^2.8.8:
  version "2.8.8"
  resolved "https://registry.yarnpkg.com/prettier/-/prettier-2.8.8.tgz#e8c5d7e98a4305ffe3de2e1fc4aca1a71c28b1da"
  integrity sha512-tdN8qQGvNjw4CHbY+XXk0JgCXn9QiF21a55rBe5LJAU+kDyC4WQn4+awm2Xfk2lQMk5fKup9XgzTZtGkjBdP9Q==

readdirp@~3.6.0:
  version "3.6.0"
  resolved "https://registry.yarnpkg.com/readdirp/-/readdirp-3.6.0.tgz#74a370bd857116e245b29cc97340cd431a02a6c7"
  integrity sha512-hOS089on8RduqdbhvQ5Z37A0ESjsqz6qnRcffsMU3495FuTdqSm+7bhJ29JvIOsBDEEnan5DPu9t3To9VRlMzA==
  dependencies:
    picomatch "^2.2.1"

sass@^1.63.3:
  version "1.63.3"
  resolved "https://registry.yarnpkg.com/sass/-/sass-1.63.3.tgz#527746aa43bf2e4eac1ab424f67f6f18a081061a"
  integrity sha512-ySdXN+DVpfwq49jG1+hmtDslYqpS7SkOR5GpF6o2bmb1RL/xS+wvPmegMvMywyfsmAV6p7TgwXYGrCZIFFbAHg==
  dependencies:
    chokidar ">=3.0.0 <4.0.0"
    immutable "^4.0.0"
    source-map-js ">=0.6.2 <2.0.0"

"source-map-js@>=0.6.2 <2.0.0":
  version "1.0.2"
  resolved "https://registry.yarnpkg.com/source-map-js/-/source-map-js-1.0.2.tgz#adbc361d9c62df380125e7f161f71c826f1e490c"
  integrity sha512-R0XvVJ9WusLiqTCEiGCmICCMplcCkIwwR11mOSD9CR5u+IXYdiseeEuXCVAjS54zqwkLcPNnmU4OeJ6tUrWhDw==

to-regex-range@^5.0.1:
  version "5.0.1"
  resolved "https://registry.yarnpkg.com/to-regex-range/-/to-regex-range-5.0.1.tgz#1648c44aae7c8d988a326018ed72f5b4dd0392e4"
  integrity sha512-65P7iz6X5yEr1cwcgvQxbbIw7Uk3gOy5dIdtZ4rDveLqhrdJP+Li/Hx6tyK0NEb+2GCyneCMJiGqrADCSNk8sQ==
  dependencies:
    is-number "^7.0.0"
